
Microsoft Visual Studio Solution File, Format Version 12.00
# Visual Studio Version 17
VisualStudioVersion = 17.1.32407.343
MinimumVisualStudioVersion = 10.0.40219.1
Project("{FAE04EC0-301F-11D3-BF4B-00C04F79EFBC}") = "Aula01", "Aula01.csproj", "{9468EE3C-C71B-48A9-8963-C36E2309F582}"
EndProject
Global
	GlobalSection(SolutionConfigurationPlatforms) = preSolution
		Debug|Any CPU = Debug|Any CPU
		Release|Any CPU = Release|Any CPU
	EndGlobalSection
	GlobalSection(ProjectConfigurationPlatforms) = postSolution
		{9468EE3C-C71B-48A9-8963-C36E2309F582}.Debug|Any CPU.ActiveCfg = Debug|Any CPU
		{9468EE3C-C71B-48A9-8963-C36E2309F582}.Debug|Any CPU.Build.0 = Debug|Any CPU
		{9468EE3C-C71B-48A9-8963-C36E2309F582}.Release|Any CPU.ActiveCfg = Release|Any CPU
		{9468EE3C-C71B-48A9-8963-C36E2309F582}.Release|Any CPU.Build.0 = Release|Any CPU
	EndGlobalSection
	GlobalSection(SolutionProperties) = preSolution
		HideSolutionNode = FALSE
	EndGlobalSection
	GlobalSection(ExtensibilityGlobals) = postSolution
		SolutionGuid = {74214F2A-6414-4E4E-9FD6-3906F7261754}
	EndGlobalSection
EndGlobal
